dependencies:
- name: sericy-gbs-cutting-module
  repository: https://helm-chart-repo.sericy.io/
  version: 0.1.0-beta.14
- name: sericy-gbs-mfo-module
  repository: https://helm-chart-repo.sericy.io/
  version: 0.1.0-beta.5
- name: sericy-om-orders-manager-app
  repository: https://helm-chart-repo.sericy.io/
  version: 0.1.0-beta.3
- name: sericy-gbs-one-ui
  repository: file://./charts/sericy-gbs-one-ui
  version: 0.1.0-beta.36
- name: sericy-gbs-platedatacache-api
  repository: file://./charts/sericy-gbs-platedatacache-api
  version: 0.47.0-beta.32
- name: sericy-diag-shopfloor-app
  repository: https://helm-chart-repo.sericy.io/
  version: 1.2.0-beta.3
digest: sha256:fadd8ed784ec2723cdf0eb9027cf39f6caa852416f14d5fa9b84b78d8423e71f
generated: "2023-07-10T15:55:43.7410426+02:00"
