dependencies:
- name: sericy-gbs-cutting-module
  repository: https://helm-chart-repo.sericy.io/
  version: 0.1.0-beta.14
- name: sericy-gbs-mfo-module
  repository: https://helm-chart-repo.sericy.io/
  version: 0.1.0-beta.5
- name: sericy-om-orders-manager-app
  repository: https://helm-chart-repo.sericy.io/
  version: 0.1.0-beta.8
- name: sericy-gbs-one-ui
  repository: file://./charts/sericy-gbs-one-ui
  version: 0.1.0-beta.36
- name: sericy-gbs-platedatacache-api
  repository: file://./charts/sericy-gbs-platedatacache-api
  version: 0.47.0-beta.36
- name: sericy-diag-shopfloor-app
  repository: https://helm-chart-repo.sericy.io/
  version: 1.2.0-beta.5
digest: sha256:423e599ebcab8e9b90590cef39f4e37cd2b260f9d382a7bd187153d85ea52f75
generated: "2023-07-11T12:21:13.5362105+02:00"
